
Microsoft Visual Studio Solution File, Format Version 12.00
# Visual Studio Version 16
VisualStudioVersion = 16.0.31829.152
MinimumVisualStudioVersion = 10.0.40219.1
Project("{FAE04EC0-301F-11D3-BF4B-00C04F79EFBC}") = "MCD_MessageBoxNesnesi", "MCD_MessageBoxNesnesi\MCD_MessageBoxNesnesi.csproj", "{03E14A7B-BFCF-4700-B24A-C61D0D43D7F1}"
EndProject
Global
	GlobalSection(SolutionConfigurationPlatforms) = preSolution
		Debug|Any CPU = Debug|Any CPU
		Release|Any CPU = Release|Any CPU
	EndGlobalSection
	GlobalSection(ProjectConfigurationPlatforms) = postSolution
		{03E14A7B-BFCF-4700-B24A-C61D0D43D7F1}.Debug|Any CPU.ActiveCfg = Debug|Any CPU
		{03E14A7B-BFCF-4700-B24A-C61D0D43D7F1}.Debug|Any CPU.Build.0 = Debug|Any CPU
		{03E14A7B-BFCF-4700-B24A-C61D0D43D7F1}.Release|Any CPU.ActiveCfg = Release|Any CPU
		{03E14A7B-BFCF-4700-B24A-C61D0D43D7F1}.Release|Any CPU.Build.0 = Release|Any CPU
	EndGlobalSection
	GlobalSection(SolutionProperties) = preSolution
		HideSolutionNode = FALSE
	EndGlobalSection
	GlobalSection(ExtensibilityGlobals) = postSolution
		SolutionGuid = {9709D0B6-1863-447B-B0D2-6204DF7CB428}
	EndGlobalSection
EndGlobal
